
Microsoft Visual Studio Solution File, Format Version 12.00
# Visual Studio 15
Project("{FAE04EC0-301F-11D3-BF4B-00C04F79EFBC}") = "UnityEngine.TestRunner", "UnityEngine.TestRunner.csproj", "{25236449-0DA0-8B91-FC0D-8A8D470DB644}"
EndProject
Project("{FAE04EC0-301F-11D3-BF4B-00C04F79EFBC}") = "Unity.Mathematics", "Unity.Mathematics.csproj", "{348384FF-28DD-3BB3-0018-42D8966013AC}"
EndProject
Project("{FAE04EC0-301F-11D3-BF4B-00C04F79EFBC}") = "Unity.2D.Animation.Triangle.Runtime", "Unity.2D.Animation.Triangle.Runtime.csproj", "{C65D6E2A-C528-6C0D-508A-CC83F2EC4B10}"
EndProject
Project("{FAE04EC0-301F-11D3-BF4B-00C04F79EFBC}") = "Unity.Timeline", "Unity.Timeline.csproj", "{78892CFE-BF98-90AB-E49B-0999D1CCB7D5}"
EndProject
Project("{FAE04EC0-301F-11D3-BF4B-00C04F79EFBC}") = "Assembly-CSharp", "Assembly-CSharp.csproj", "{CCA7237C-1FC2-9099-522B-6E7D44DC10BF}"
EndProject
Project("{FAE04EC0-301F-11D3-BF4B-00C04F79EFBC}") = "UnityEngine.UI", "UnityEngine.UI.csproj", "{48A21030-8F54-6F87-712C-DFBEDF89CCB0}"
EndProject
Project("{FAE04EC0-301F-11D3-BF4B-00C04F79EFBC}") = "Cinemachine", "Cinemachine.csproj", "{836B0D5E-A701-425E-5B7D-FDF1C754FF40}"
EndProject
Project("{FAE04EC0-301F-11D3-BF4B-00C04F79EFBC}") = "Unity.TextMeshPro", "Unity.TextMeshPro.csproj", "{586E38A5-6D4F-4B4D-D6C7-79E1B7E12BBC}"
EndProject
Project("{FAE04EC0-301F-11D3-BF4B-00C04F79EFBC}") = "Unity.2D.Animation.Runtime", "Unity.2D.Animation.Runtime.csproj", "{F8B28001-03AD-F9D4-00D1-FD96C0D75EF2}"
EndProject
Project("{FAE04EC0-301F-11D3-BF4B-00C04F79EFBC}") = "Unity.2D.IK.Runtime", "Unity.2D.IK.Runtime.csproj", "{04A399EA-6BB8-C103-CD82-50D8C75CF0A6}"
EndProject
Project("{FAE04EC0-301F-11D3-BF4B-00C04F79EFBC}") = "Unity.2D.SpriteShape.Runtime", "Unity.2D.SpriteShape.Runtime.csproj", "{8CFE75CA-A1BC-CEB6-F2E3-5604B61F294D}"
EndProject
Project("{FAE04EC0-301F-11D3-BF4B-00C04F79EFBC}") = "Unity.2D.PixelPerfect", "Unity.2D.PixelPerfect.csproj", "{85ADE437-1A02-0CCC-534A-AC423D1759F1}"
EndProject
Project("{FAE04EC0-301F-11D3-BF4B-00C04F79EFBC}") = "Unity.2D.Common.Runtime", "Unity.2D.Common.Runtime.csproj", "{2DDE5E46-50DC-D6C5-B46E-CD542C36CCC9}"
EndProject
Project("{FAE04EC0-301F-11D3-BF4B-00C04F79EFBC}") = "Unity.InternalAPIEngineBridge.001", "Unity.InternalAPIEngineBridge.001.csproj", "{32DA4073-836E-F68C-145A-023D5E9751C6}"
EndProject
Project("{FAE04EC0-301F-11D3-BF4B-00C04F79EFBC}") = "UnityEditor.TestRunner", "UnityEditor.TestRunner.csproj", "{8A6D45C0-6E68-1F7D-E5FE-9F55D84A4F37}"
EndProject
Project("{FAE04EC0-301F-11D3-BF4B-00C04F79EFBC}") = "Unity.PlasticSCM.Editor", "Unity.PlasticSCM.Editor.csproj", "{3E2B32E4-A7C7-7542-9222-91D351DF1DB7}"
EndProject
Project("{FAE04EC0-301F-11D3-BF4B-00C04F79EFBC}") = "UnityEditor.UI", "UnityEditor.UI.csproj", "{424FD193-9C68-D2D1-F245-5D0BEDE5B04A}"
EndProject
Project("{FAE04EC0-301F-11D3-BF4B-00C04F79EFBC}") = "Unity.Timeline.Editor", "Unity.Timeline.Editor.csproj", "{097139CF-8A68-85B0-531B-597D514BEDBD}"
EndProject
Project("{FAE04EC0-301F-11D3-BF4B-00C04F79EFBC}") = "Unity.VisualStudio.Editor", "Unity.VisualStudio.Editor.csproj", "{7BFA8C2A-E651-D23B-DE2B-3B145CDD4A60}"
EndProject
Project("{FAE04EC0-301F-11D3-BF4B-00C04F79EFBC}") = "com.unity.cinemachine.editor", "com.unity.cinemachine.editor.csproj", "{94C9CCE9-0A7E-31EE-A5D9-6DCE046D5F38}"
EndProject
Project("{FAE04EC0-301F-11D3-BF4B-00C04F79EFBC}") = "Unity.2D.Psdimporter.Editor", "Unity.2D.Psdimporter.Editor.csproj", "{56BE0811-340F-C768-FF6A-609424EF6F2A}"
EndProject
Project("{FAE04EC0-301F-11D3-BF4B-00C04F79EFBC}") = "Unity.2D.Animation.Editor", "Unity.2D.Animation.Editor.csproj", "{1DBE7D20-5B5D-5302-8228-9E72901F9A53}"
EndProject
Project("{FAE04EC0-301F-11D3-BF4B-00C04F79EFBC}") = "Unity.TextMeshPro.Editor", "Unity.TextMeshPro.Editor.csproj", "{DB3A0F03-89E5-EFB9-1A2E-FC629A5E6B07}"
EndProject
Project("{FAE04EC0-301F-11D3-BF4B-00C04F79EFBC}") = "Unity.2D.SpriteShape.Editor", "Unity.2D.SpriteShape.Editor.csproj", "{EBDD14AE-CD8A-1F85-1BF3-27F6638CAF7A}"
EndProject
Project("{FAE04EC0-301F-11D3-BF4B-00C04F79EFBC}") = "Unity.CollabProxy.Editor", "Unity.CollabProxy.Editor.csproj", "{E6AD59AC-B5C4-6524-D9FF-5607DCA40317}"
EndProject
Project("{FAE04EC0-301F-11D3-BF4B-00C04F79EFBC}") = "PsdPlugin", "PsdPlugin.csproj", "{2CD6D795-CDF0-5759-B983-CBFC1A987EDB}"
EndProject
Project("{FAE04EC0-301F-11D3-BF4B-00C04F79EFBC}") = "Unity.2D.Path.Editor", "Unity.2D.Path.Editor.csproj", "{F0DF1067-70C2-5B57-1A69-608524FD6EBE}"
EndProject
Project("{FAE04EC0-301F-11D3-BF4B-00C04F79EFBC}") = "Unity.Rider.Editor", "Unity.Rider.Editor.csproj", "{3EBBBA18-1BB5-AC6B-6F95-8BD06160DCF8}"
EndProject
Project("{FAE04EC0-301F-11D3-BF4B-00C04F79EFBC}") = "Unity.2D.IK.Editor", "Unity.2D.IK.Editor.csproj", "{6049EED2-83B0-3648-F95A-D6CB5E2D58EC}"
EndProject
Project("{FAE04EC0-301F-11D3-BF4B-00C04F79EFBC}") = "Unity.2D.Sprite.Editor", "Unity.2D.Sprite.Editor.csproj", "{2C1B4E93-3541-E2FD-B9CC-3B05A451154F}"
EndProject
Project("{FAE04EC0-301F-11D3-BF4B-00C04F79EFBC}") = "Unity.2D.Tilemap.Editor", "Unity.2D.Tilemap.Editor.csproj", "{216FDEAE-00CC-4DA0-D81D-CC791C347AAF}"
EndProject
Project("{FAE04EC0-301F-11D3-BF4B-00C04F79EFBC}") = "Unity.2D.PixelPerfect.Editor", "Unity.2D.PixelPerfect.Editor.csproj", "{C3E69A6F-C3EC-9144-4C4D-D3F358A320DC}"
EndProject
Project("{FAE04EC0-301F-11D3-BF4B-00C04F79EFBC}") = "Unity.VSCode.Editor", "Unity.VSCode.Editor.csproj", "{7EC8DF4C-2129-F3F3-7E41-6CA44434581E}"
EndProject
Project("{FAE04EC0-301F-11D3-BF4B-00C04F79EFBC}") = "Unity.2D.Common.Editor", "Unity.2D.Common.Editor.csproj", "{2B9AD767-F661-3254-81AD-9B4BF6271CE1}"
EndProject
Project("{FAE04EC0-301F-11D3-BF4B-00C04F79EFBC}") = "Unity.Mathematics.Editor", "Unity.Mathematics.Editor.csproj", "{4D90AED4-0A82-96AA-DF12-44FA1BF89397}"
EndProject
Project("{FAE04EC0-301F-11D3-BF4B-00C04F79EFBC}") = "Unity.InternalAPIEditorBridge.001", "Unity.InternalAPIEditorBridge.001.csproj", "{2AA41109-B844-3777-75C0-89EBC9052184}"
EndProject
Project("{FAE04EC0-301F-11D3-BF4B-00C04F79EFBC}") = "UnityEngine.TestRunner", "UnityEngine.TestRunner.Player.csproj", "{54F3F46A-B073-C6E0-45BA-C170FD299312}"
EndProject
Project("{FAE04EC0-301F-11D3-BF4B-00C04F79EFBC}") = "Unity.Mathematics", "Unity.Mathematics.Player.csproj", "{8A42068D-05B7-C170-B63B-C59C8700CB38}"
EndProject
Project("{FAE04EC0-301F-11D3-BF4B-00C04F79EFBC}") = "Unity.2D.Animation.Triangle.Runtime", "Unity.2D.Animation.Triangle.Runtime.Player.csproj", "{42DECBE7-479E-7BA7-1B5A-87CC082E9381}"
EndProject
Project("{FAE04EC0-301F-11D3-BF4B-00C04F79EFBC}") = "Unity.Timeline", "Unity.Timeline.Player.csproj", "{AC1CED17-875E-6C68-7B3B-6D0B51CBFB37}"
EndProject
Project("{FAE04EC0-301F-11D3-BF4B-00C04F79EFBC}") = "Assembly-CSharp", "Assembly-CSharp.Player.csproj", "{2533B23D-38D4-BF22-9C99-95DF22E9EC70}"
EndProject
Project("{FAE04EC0-301F-11D3-BF4B-00C04F79EFBC}") = "UnityEngine.UI", "UnityEngine.UI.Player.csproj", "{E08B004B-709B-0689-747C-46F2F467E5E5}"
EndProject
Project("{FAE04EC0-301F-11D3-BF4B-00C04F79EFBC}") = "Cinemachine", "Cinemachine.Player.csproj", "{CF6F7C7C-CE02-DBA7-FC82-597F0D0158A7}"
EndProject
Project("{FAE04EC0-301F-11D3-BF4B-00C04F79EFBC}") = "Unity.TextMeshPro", "Unity.TextMeshPro.Player.csproj", "{2FD0E3AD-959B-4114-5557-EA88AF162FC3}"
EndProject
Project("{FAE04EC0-301F-11D3-BF4B-00C04F79EFBC}") = "Unity.2D.Animation.Runtime", "Unity.2D.Animation.Runtime.Player.csproj", "{D8CEAA7B-09C9-DBC9-210B-94568DB68B6D}"
EndProject
Project("{FAE04EC0-301F-11D3-BF4B-00C04F79EFBC}") = "Unity.2D.IK.Runtime", "Unity.2D.IK.Runtime.Player.csproj", "{1D4B4971-AE68-CC01-F044-A5E3CC7F31A8}"
EndProject
Project("{FAE04EC0-301F-11D3-BF4B-00C04F79EFBC}") = "Unity.2D.SpriteShape.Runtime", "Unity.2D.SpriteShape.Runtime.Player.csproj", "{5C910F27-056E-B3CE-7E49-888C96B21E21}"
EndProject
Project("{FAE04EC0-301F-11D3-BF4B-00C04F79EFBC}") = "Unity.2D.PixelPerfect", "Unity.2D.PixelPerfect.Player.csproj", "{ED1CB107-EF4F-576F-DEAA-C315DAFE6270}"
EndProject
Project("{FAE04EC0-301F-11D3-BF4B-00C04F79EFBC}") = "Unity.2D.Common.Runtime", "Unity.2D.Common.Runtime.Player.csproj", "{714362EE-4E53-E634-DB9F-466A59104D84}"
EndProject
Project("{FAE04EC0-301F-11D3-BF4B-00C04F79EFBC}") = "Unity.InternalAPIEngineBridge.001", "Unity.InternalAPIEngineBridge.001.Player.csproj", "{32A6C43E-5294-2AF5-8AD6-9001F9ED5F96}"
EndProject
Global
	GlobalSection(SolutionConfigurationPlatforms) = preSolution
		Debug|Any CPU = Debug|Any CPU
		Release|Any CPU = Release|Any CPU
	EndGlobalSection
	GlobalSection(ProjectConfigurationPlatforms) = postSolution
		{25236449-0DA0-8B91-FC0D-8A8D470DB644}.Debug|Any CPU.ActiveCfg = Debug|Any CPU
		{25236449-0DA0-8B91-FC0D-8A8D470DB644}.Debug|Any CPU.Build.0 = Debug|Any CPU
		{25236449-0DA0-8B91-FC0D-8A8D470DB644}.Release|Any CPU.ActiveCfg = Release|Any CPU
		{25236449-0DA0-8B91-FC0D-8A8D470DB644}.Release|Any CPU.Build.0 = Release|Any CPU
		{348384FF-28DD-3BB3-0018-42D8966013AC}.Debug|Any CPU.ActiveCfg = Debug|Any CPU
		{348384FF-28DD-3BB3-0018-42D8966013AC}.Debug|Any CPU.Build.0 = Debug|Any CPU
		{348384FF-28DD-3BB3-0018-42D8966013AC}.Release|Any CPU.ActiveCfg = Release|Any CPU
		{348384FF-28DD-3BB3-0018-42D8966013AC}.Release|Any CPU.Build.0 = Release|Any CPU
		{C65D6E2A-C528-6C0D-508A-CC83F2EC4B10}.Debug|Any CPU.ActiveCfg = Debug|Any CPU
		{C65D6E2A-C528-6C0D-508A-CC83F2EC4B10}.Debug|Any CPU.Build.0 = Debug|Any CPU
		{C65D6E2A-C528-6C0D-508A-CC83F2EC4B10}.Release|Any CPU.ActiveCfg = Release|Any CPU
		{C65D6E2A-C528-6C0D-508A-CC83F2EC4B10}.Release|Any CPU.Build.0 = Release|Any CPU
		{78892CFE-BF98-90AB-E49B-0999D1CCB7D5}.Debug|Any CPU.ActiveCfg = Debug|Any CPU
		{78892CFE-BF98-90AB-E49B-0999D1CCB7D5}.Debug|Any CPU.Build.0 = Debug|Any CPU
		{78892CFE-BF98-90AB-E49B-0999D1CCB7D5}.Release|Any CPU.ActiveCfg = Release|Any CPU
		{78892CFE-BF98-90AB-E49B-0999D1CCB7D5}.Release|Any CPU.Build.0 = Release|Any CPU
		{CCA7237C-1FC2-9099-522B-6E7D44DC10BF}.Debug|Any CPU.ActiveCfg = Debug|Any CPU
		{CCA7237C-1FC2-9099-522B-6E7D44DC10BF}.Debug|Any CPU.Build.0 = Debug|Any CPU
		{CCA7237C-1FC2-9099-522B-6E7D44DC10BF}.Release|Any CPU.ActiveCfg = Release|Any CPU
		{CCA7237C-1FC2-9099-522B-6E7D44DC10BF}.Release|Any CPU.Build.0 = Release|Any CPU
		{48A21030-8F54-6F87-712C-DFBEDF89CCB0}.Debug|Any CPU.ActiveCfg = Debug|Any CPU
		{48A21030-8F54-6F87-712C-DFBEDF89CCB0}.Debug|Any CPU.Build.0 = Debug|Any CPU
		{48A21030-8F54-6F87-712C-DFBEDF89CCB0}.Release|Any CPU.ActiveCfg = Release|Any CPU
		{48A21030-8F54-6F87-712C-DFBEDF89CCB0}.Release|Any CPU.Build.0 = Release|Any CPU
		{836B0D5E-A701-425E-5B7D-FDF1C754FF40}.Debug|Any CPU.ActiveCfg = Debug|Any CPU
		{836B0D5E-A701-425E-5B7D-FDF1C754FF40}.Debug|Any CPU.Build.0 = Debug|Any CPU
		{836B0D5E-A701-425E-5B7D-FDF1C754FF40}.Release|Any CPU.ActiveCfg = Release|Any CPU
		{836B0D5E-A701-425E-5B7D-FDF1C754FF40}.Release|Any CPU.Build.0 = Release|Any CPU
		{586E38A5-6D4F-4B4D-D6C7-79E1B7E12BBC}.Debug|Any CPU.ActiveCfg = Debug|Any CPU
		{586E38A5-6D4F-4B4D-D6C7-79E1B7E12BBC}.Debug|Any CPU.Build.0 = Debug|Any CPU
		{586E38A5-6D4F-4B4D-D6C7-79E1B7E12BBC}.Release|Any CPU.ActiveCfg = Release|Any CPU
		{586E38A5-6D4F-4B4D-D6C7-79E1B7E12BBC}.Release|Any CPU.Build.0 = Release|Any CPU
		{F8B28001-03AD-F9D4-00D1-FD96C0D75EF2}.Debug|Any CPU.ActiveCfg = Debug|Any CPU
		{F8B28001-03AD-F9D4-00D1-FD96C0D75EF2}.Debug|Any CPU.Build.0 = Debug|Any CPU
		{F8B28001-03AD-F9D4-00D1-FD96C0D75EF2}.Release|Any CPU.ActiveCfg = Release|Any CPU
		{F8B28001-03AD-F9D4-00D1-FD96C0D75EF2}.Release|Any CPU.Build.0 = Release|Any CPU
		{04A399EA-6BB8-C103-CD82-50D8C75CF0A6}.Debug|Any CPU.ActiveCfg = Debug|Any CPU
		{04A399EA-6BB8-C103-CD82-50D8C75CF0A6}.Debug|Any CPU.Build.0 = Debug|Any CPU
		{04A399EA-6BB8-C103-CD82-50D8C75CF0A6}.Release|Any CPU.ActiveCfg = Release|Any CPU
		{04A399EA-6BB8-C103-CD82-50D8C75CF0A6}.Release|Any CPU.Build.0 = Release|Any CPU
		{8CFE75CA-A1BC-CEB6-F2E3-5604B61F294D}.Debug|Any CPU.ActiveCfg = Debug|Any CPU
		{8CFE75CA-A1BC-CEB6-F2E3-5604B61F294D}.Debug|Any CPU.Build.0 = Debug|Any CPU
		{8CFE75CA-A1BC-CEB6-F2E3-5604B61F294D}.Release|Any CPU.ActiveCfg = Release|Any CPU
		{8CFE75CA-A1BC-CEB6-F2E3-5604B61F294D}.Release|Any CPU.Build.0 = Release|Any CPU
		{85ADE437-1A02-0CCC-534A-AC423D1759F1}.Debug|Any CPU.ActiveCfg = Debug|Any CPU
		{85ADE437-1A02-0CCC-534A-AC423D1759F1}.Debug|Any CPU.Build.0 = Debug|Any CPU
		{85ADE437-1A02-0CCC-534A-AC423D1759F1}.Release|Any CPU.ActiveCfg = Release|Any CPU
		{85ADE437-1A02-0CCC-534A-AC423D1759F1}.Release|Any CPU.Build.0 = Release|Any CPU
		{2DDE5E46-50DC-D6C5-B46E-CD542C36CCC9}.Debug|Any CPU.ActiveCfg = Debug|Any CPU
		{2DDE5E46-50DC-D6C5-B46E-CD542C36CCC9}.Debug|Any CPU.Build.0 = Debug|Any CPU
		{2DDE5E46-50DC-D6C5-B46E-CD542C36CCC9}.Release|Any CPU.ActiveCfg = Release|Any CPU
		{2DDE5E46-50DC-D6C5-B46E-CD542C36CCC9}.Release|Any CPU.Build.0 = Release|Any CPU
		{32DA4073-836E-F68C-145A-023D5E9751C6}.Debug|Any CPU.ActiveCfg = Debug|Any CPU
		{32DA4073-836E-F68C-145A-023D5E9751C6}.Debug|Any CPU.Build.0 = Debug|Any CPU
		{32DA4073-836E-F68C-145A-023D5E9751C6}.Release|Any CPU.ActiveCfg = Release|Any CPU
		{32DA4073-836E-F68C-145A-023D5E9751C6}.Release|Any CPU.Build.0 = Release|Any CPU
		{8A6D45C0-6E68-1F7D-E5FE-9F55D84A4F37}.Debug|Any CPU.ActiveCfg = Debug|Any CPU
		{8A6D45C0-6E68-1F7D-E5FE-9F55D84A4F37}.Debug|Any CPU.Build.0 = Debug|Any CPU
		{8A6D45C0-6E68-1F7D-E5FE-9F55D84A4F37}.Release|Any CPU.ActiveCfg = Release|Any CPU
		{8A6D45C0-6E68-1F7D-E5FE-9F55D84A4F37}.Release|Any CPU.Build.0 = Release|Any CPU
		{3E2B32E4-A7C7-7542-9222-91D351DF1DB7}.Debug|Any CPU.ActiveCfg = Debug|Any CPU
		{3E2B32E4-A7C7-7542-9222-91D351DF1DB7}.Debug|Any CPU.Build.0 = Debug|Any CPU
		{3E2B32E4-A7C7-7542-9222-91D351DF1DB7}.Release|Any CPU.ActiveCfg = Release|Any CPU
		{3E2B32E4-A7C7-7542-9222-91D351DF1DB7}.Release|Any CPU.Build.0 = Release|Any CPU
		{424FD193-9C68-D2D1-F245-5D0BEDE5B04A}.Debug|Any CPU.ActiveCfg = Debug|Any CPU
		{424FD193-9C68-D2D1-F245-5D0BEDE5B04A}.Debug|Any CPU.Build.0 = Debug|Any CPU
		{424FD193-9C68-D2D1-F245-5D0BEDE5B04A}.Release|Any CPU.ActiveCfg = Release|Any CPU
		{424FD193-9C68-D2D1-F245-5D0BEDE5B04A}.Release|Any CPU.Build.0 = Release|Any CPU
		{097139CF-8A68-85B0-531B-597D514BEDBD}.Debug|Any CPU.ActiveCfg = Debug|Any CPU
		{097139CF-8A68-85B0-531B-597D514BEDBD}.Debug|Any CPU.Build.0 = Debug|Any CPU
		{097139CF-8A68-85B0-531B-597D514BEDBD}.Release|Any CPU.ActiveCfg = Release|Any CPU
		{097139CF-8A68-85B0-531B-597D514BEDBD}.Release|Any CPU.Build.0 = Release|Any CPU
		{7BFA8C2A-E651-D23B-DE2B-3B145CDD4A60}.Debug|Any CPU.ActiveCfg = Debug|Any CPU
		{7BFA8C2A-E651-D23B-DE2B-3B145CDD4A60}.Debug|Any CPU.Build.0 = Debug|Any CPU
		{7BFA8C2A-E651-D23B-DE2B-3B145CDD4A60}.Release|Any CPU.ActiveCfg = Release|Any CPU
		{7BFA8C2A-E651-D23B-DE2B-3B145CDD4A60}.Release|Any CPU.Build.0 = Release|Any CPU
		{94C9CCE9-0A7E-31EE-A5D9-6DCE046D5F38}.Debug|Any CPU.ActiveCfg = Debug|Any CPU
		{94C9CCE9-0A7E-31EE-A5D9-6DCE046D5F38}.Debug|Any CPU.Build.0 = Debug|Any CPU
		{94C9CCE9-0A7E-31EE-A5D9-6DCE046D5F38}.Release|Any CPU.ActiveCfg = Release|Any CPU
		{94C9CCE9-0A7E-31EE-A5D9-6DCE046D5F38}.Release|Any CPU.Build.0 = Release|Any CPU
		{56BE0811-340F-C768-FF6A-609424EF6F2A}.Debug|Any CPU.ActiveCfg = Debug|Any CPU
		{56BE0811-340F-C768-FF6A-609424EF6F2A}.Debug|Any CPU.Build.0 = Debug|Any CPU
		{56BE0811-340F-C768-FF6A-609424EF6F2A}.Release|Any CPU.ActiveCfg = Release|Any CPU
		{56BE0811-340F-C768-FF6A-609424EF6F2A}.Release|Any CPU.Build.0 = Release|Any CPU
		{1DBE7D20-5B5D-5302-8228-9E72901F9A53}.Debug|Any CPU.ActiveCfg = Debug|Any CPU
		{1DBE7D20-5B5D-5302-8228-9E72901F9A53}.Debug|Any CPU.Build.0 = Debug|Any CPU
		{1DBE7D20-5B5D-5302-8228-9E72901F9A53}.Release|Any CPU.ActiveCfg = Release|Any CPU
		{1DBE7D20-5B5D-5302-8228-9E72901F9A53}.Release|Any CPU.Build.0 = Release|Any CPU
		{DB3A0F03-89E5-EFB9-1A2E-FC629A5E6B07}.Debug|Any CPU.ActiveCfg = Debug|Any CPU
		{DB3A0F03-89E5-EFB9-1A2E-FC629A5E6B07}.Debug|Any CPU.Build.0 = Debug|Any CPU
		{DB3A0F03-89E5-EFB9-1A2E-FC629A5E6B07}.Release|Any CPU.ActiveCfg = Release|Any CPU
		{DB3A0F03-89E5-EFB9-1A2E-FC629A5E6B07}.Release|Any CPU.Build.0 = Release|Any CPU
		{EBDD14AE-CD8A-1F85-1BF3-27F6638CAF7A}.Debug|Any CPU.ActiveCfg = Debug|Any CPU
		{EBDD14AE-CD8A-1F85-1BF3-27F6638CAF7A}.Debug|Any CPU.Build.0 = Debug|Any CPU
		{EBDD14AE-CD8A-1F85-1BF3-27F6638CAF7A}.Release|Any CPU.ActiveCfg = Release|Any CPU
		{EBDD14AE-CD8A-1F85-1BF3-27F6638CAF7A}.Release|Any CPU.Build.0 = Release|Any CPU
		{E6AD59AC-B5C4-6524-D9FF-5607DCA40317}.Debug|Any CPU.ActiveCfg = Debug|Any CPU
		{E6AD59AC-B5C4-6524-D9FF-5607DCA40317}.Debug|Any CPU.Build.0 = Debug|Any CPU
		{E6AD59AC-B5C4-6524-D9FF-5607DCA40317}.Release|Any CPU.ActiveCfg = Release|Any CPU
		{E6AD59AC-B5C4-6524-D9FF-5607DCA40317}.Release|Any CPU.Build.0 = Release|Any CPU
		{2CD6D795-CDF0-5759-B983-CBFC1A987EDB}.Debug|Any CPU.ActiveCfg = Debug|Any CPU
		{2CD6D795-CDF0-5759-B983-CBFC1A987EDB}.Debug|Any CPU.Build.0 = Debug|Any CPU
		{2CD6D795-CDF0-5759-B983-CBFC1A987EDB}.Release|Any CPU.ActiveCfg = Release|Any CPU
		{2CD6D795-CDF0-5759-B983-CBFC1A987EDB}.Release|Any CPU.Build.0 = Release|Any CPU
		{F0DF1067-70C2-5B57-1A69-608524FD6EBE}.Debug|Any CPU.ActiveCfg = Debug|Any CPU
		{F0DF1067-70C2-5B57-1A69-608524FD6EBE}.Debug|Any CPU.Build.0 = Debug|Any CPU
		{F0DF1067-70C2-5B57-1A69-608524FD6EBE}.Release|Any CPU.ActiveCfg = Release|Any CPU
		{F0DF1067-70C2-5B57-1A69-608524FD6EBE}.Release|Any CPU.Build.0 = Release|Any CPU
		{3EBBBA18-1BB5-AC6B-6F95-8BD06160DCF8}.Debug|Any CPU.ActiveCfg = Debug|Any CPU
		{3EBBBA18-1BB5-AC6B-6F95-8BD06160DCF8}.Debug|Any CPU.Build.0 = Debug|Any CPU
		{3EBBBA18-1BB5-AC6B-6F95-8BD06160DCF8}.Release|Any CPU.ActiveCfg = Release|Any CPU
		{3EBBBA18-1BB5-AC6B-6F95-8BD06160DCF8}.Release|Any CPU.Build.0 = Release|Any CPU
		{6049EED2-83B0-3648-F95A-D6CB5E2D58EC}.Debug|Any CPU.ActiveCfg = Debug|Any CPU
		{6049EED2-83B0-3648-F95A-D6CB5E2D58EC}.Debug|Any CPU.Build.0 = Debug|Any CPU
		{6049EED2-83B0-3648-F95A-D6CB5E2D58EC}.Release|Any CPU.ActiveCfg = Release|Any CPU
		{6049EED2-83B0-3648-F95A-D6CB5E2D58EC}.Release|Any CPU.Build.0 = Release|Any CPU
		{2C1B4E93-3541-E2FD-B9CC-3B05A451154F}.Debug|Any CPU.ActiveCfg = Debug|Any CPU
		{2C1B4E93-3541-E2FD-B9CC-3B05A451154F}.Debug|Any CPU.Build.0 = Debug|Any CPU
		{2C1B4E93-3541-E2FD-B9CC-3B05A451154F}.Release|Any CPU.ActiveCfg = Release|Any CPU
		{2C1B4E93-3541-E2FD-B9CC-3B05A451154F}.Release|Any CPU.Build.0 = Release|Any CPU
		{216FDEAE-00CC-4DA0-D81D-CC791C347AAF}.Debug|Any CPU.ActiveCfg = Debug|Any CPU
		{216FDEAE-00CC-4DA0-D81D-CC791C347AAF}.Debug|Any CPU.Build.0 = Debug|Any CPU
		{216FDEAE-00CC-4DA0-D81D-CC791C347AAF}.Release|Any CPU.ActiveCfg = Release|Any CPU
		{216FDEAE-00CC-4DA0-D81D-CC791C347AAF}.Release|Any CPU.Build.0 = Release|Any CPU
		{C3E69A6F-C3EC-9144-4C4D-D3F358A320DC}.Debug|Any CPU.ActiveCfg = Debug|Any CPU
		{C3E69A6F-C3EC-9144-4C4D-D3F358A320DC}.Debug|Any CPU.Build.0 = Debug|Any CPU
		{C3E69A6F-C3EC-9144-4C4D-D3F358A320DC}.Release|Any CPU.ActiveCfg = Release|Any CPU
		{C3E69A6F-C3EC-9144-4C4D-D3F358A320DC}.Release|Any CPU.Build.0 = Release|Any CPU
		{7EC8DF4C-2129-F3F3-7E41-6CA44434581E}.Debug|Any CPU.ActiveCfg = Debug|Any CPU
		{7EC8DF4C-2129-F3F3-7E41-6CA44434581E}.Debug|Any CPU.Build.0 = Debug|Any CPU
		{7EC8DF4C-2129-F3F3-7E41-6CA44434581E}.Release|Any CPU.ActiveCfg = Release|Any CPU
		{7EC8DF4C-2129-F3F3-7E41-6CA44434581E}.Release|Any CPU.Build.0 = Release|Any CPU
		{2B9AD767-F661-3254-81AD-9B4BF6271CE1}.Debug|Any CPU.ActiveCfg = Debug|Any CPU
		{2B9AD767-F661-3254-81AD-9B4BF6271CE1}.Debug|Any CPU.Build.0 = Debug|Any CPU
		{2B9AD767-F661-3254-81AD-9B4BF6271CE1}.Release|Any CPU.ActiveCfg = Release|Any CPU
		{2B9AD767-F661-3254-81AD-9B4BF6271CE1}.Release|Any CPU.Build.0 = Release|Any CPU
		{4D90AED4-0A82-96AA-DF12-44FA1BF89397}.Debug|Any CPU.ActiveCfg = Debug|Any CPU
		{4D90AED4-0A82-96AA-DF12-44FA1BF89397}.Debug|Any CPU.Build.0 = Debug|Any CPU
		{4D90AED4-0A82-96AA-DF12-44FA1BF89397}.Release|Any CPU.ActiveCfg = Release|Any CPU
		{4D90AED4-0A82-96AA-DF12-44FA1BF89397}.Release|Any CPU.Build.0 = Release|Any CPU
		{2AA41109-B844-3777-75C0-89EBC9052184}.Debug|Any CPU.ActiveCfg = Debug|Any CPU
		{2AA41109-B844-3777-75C0-89EBC9052184}.Debug|Any CPU.Build.0 = Debug|Any CPU
		{2AA41109-B844-3777-75C0-89EBC9052184}.Release|Any CPU.ActiveCfg = Release|Any CPU
		{2AA41109-B844-3777-75C0-89EBC9052184}.Release|Any CPU.Build.0 = Release|Any CPU
		{54F3F46A-B073-C6E0-45BA-C170FD299312}.Debug|Any CPU.ActiveCfg = Debug|Any CPU
		{54F3F46A-B073-C6E0-45BA-C170FD299312}.Debug|Any CPU.Build.0 = Debug|Any CPU
		{54F3F46A-B073-C6E0-45BA-C170FD299312}.Release|Any CPU.ActiveCfg = Release|Any CPU
		{54F3F46A-B073-C6E0-45BA-C170FD299312}.Release|Any CPU.Build.0 = Release|Any CPU
		{8A42068D-05B7-C170-B63B-C59C8700CB38}.Debug|Any CPU.ActiveCfg = Debug|Any CPU
		{8A42068D-05B7-C170-B63B-C59C8700CB38}.Debug|Any CPU.Build.0 = Debug|Any CPU
		{8A42068D-05B7-C170-B63B-C59C8700CB38}.Release|Any CPU.ActiveCfg = Release|Any CPU
		{8A42068D-05B7-C170-B63B-C59C8700CB38}.Release|Any CPU.Build.0 = Release|Any CPU
		{42DECBE7-479E-7BA7-1B5A-87CC082E9381}.Debug|Any CPU.ActiveCfg = Debug|Any CPU
		{42DECBE7-479E-7BA7-1B5A-87CC082E9381}.Debug|Any CPU.Build.0 = Debug|Any CPU
		{42DECBE7-479E-7BA7-1B5A-87CC082E9381}.Release|Any CPU.ActiveCfg = Release|Any CPU
		{42DECBE7-479E-7BA7-1B5A-87CC082E9381}.Release|Any CPU.Build.0 = Release|Any CPU
		{AC1CED17-875E-6C68-7B3B-6D0B51CBFB37}.Debug|Any CPU.ActiveCfg = Debug|Any CPU
		{AC1CED17-875E-6C68-7B3B-6D0B51CBFB37}.Debug|Any CPU.Build.0 = Debug|Any CPU
		{AC1CED17-875E-6C68-7B3B-6D0B51CBFB37}.Release|Any CPU.ActiveCfg = Release|Any CPU
		{AC1CED17-875E-6C68-7B3B-6D0B51CBFB37}.Release|Any CPU.Build.0 = Release|Any CPU
		{2533B23D-38D4-BF22-9C99-95DF22E9EC70}.Debug|Any CPU.ActiveCfg = Debug|Any CPU
		{2533B23D-38D4-BF22-9C99-95DF22E9EC70}.Debug|Any CPU.Build.0 = Debug|Any CPU
		{2533B23D-38D4-BF22-9C99-95DF22E9EC70}.Release|Any CPU.ActiveCfg = Release|Any CPU
		{2533B23D-38D4-BF22-9C99-95DF22E9EC70}.Release|Any CPU.Build.0 = Release|Any CPU
		{E08B004B-709B-0689-747C-46F2F467E5E5}.Debug|Any CPU.ActiveCfg = Debug|Any CPU
		{E08B004B-709B-0689-747C-46F2F467E5E5}.Debug|Any CPU.Build.0 = Debug|Any CPU
		{E08B004B-709B-0689-747C-46F2F467E5E5}.Release|Any CPU.ActiveCfg = Release|Any CPU
		{E08B004B-709B-0689-747C-46F2F467E5E5}.Release|Any CPU.Build.0 = Release|Any CPU
		{CF6F7C7C-CE02-DBA7-FC82-597F0D0158A7}.Debug|Any CPU.ActiveCfg = Debug|Any CPU
		{CF6F7C7C-CE02-DBA7-FC82-597F0D0158A7}.Debug|Any CPU.Build.0 = Debug|Any CPU
		{CF6F7C7C-CE02-DBA7-FC82-597F0D0158A7}.Release|Any CPU.ActiveCfg = Release|Any CPU
		{CF6F7C7C-CE02-DBA7-FC82-597F0D0158A7}.Release|Any CPU.Build.0 = Release|Any CPU
		{2FD0E3AD-959B-4114-5557-EA88AF162FC3}.Debug|Any CPU.ActiveCfg = Debug|Any CPU
		{2FD0E3AD-959B-4114-5557-EA88AF162FC3}.Debug|Any CPU.Build.0 = Debug|Any CPU
		{2FD0E3AD-959B-4114-5557-EA88AF162FC3}.Release|Any CPU.ActiveCfg = Release|Any CPU
		{2FD0E3AD-959B-4114-5557-EA88AF162FC3}.Release|Any CPU.Build.0 = Release|Any CPU
		{D8CEAA7B-09C9-DBC9-210B-94568DB68B6D}.Debug|Any CPU.ActiveCfg = Debug|Any CPU
		{D8CEAA7B-09C9-DBC9-210B-94568DB68B6D}.Debug|Any CPU.Build.0 = Debug|Any CPU
		{D8CEAA7B-09C9-DBC9-210B-94568DB68B6D}.Release|Any CPU.ActiveCfg = Release|Any CPU
		{D8CEAA7B-09C9-DBC9-210B-94568DB68B6D}.Release|Any CPU.Build.0 = Release|Any CPU
		{1D4B4971-AE68-CC01-F044-A5E3CC7F31A8}.Debug|Any CPU.ActiveCfg = Debug|Any CPU
		{1D4B4971-AE68-CC01-F044-A5E3CC7F31A8}.Debug|Any CPU.Build.0 = Debug|Any CPU
		{1D4B4971-AE68-CC01-F044-A5E3CC7F31A8}.Release|Any CPU.ActiveCfg = Release|Any CPU
		{1D4B4971-AE68-CC01-F044-A5E3CC7F31A8}.Release|Any CPU.Build.0 = Release|Any CPU
		{5C910F27-056E-B3CE-7E49-888C96B21E21}.Debug|Any CPU.ActiveCfg = Debug|Any CPU
		{5C910F27-056E-B3CE-7E49-888C96B21E21}.Debug|Any CPU.Build.0 = Debug|Any CPU
		{5C910F27-056E-B3CE-7E49-888C96B21E21}.Release|Any CPU.ActiveCfg = Release|Any CPU
		{5C910F27-056E-B3CE-7E49-888C96B21E21}.Release|Any CPU.Build.0 = Release|Any CPU
		{ED1CB107-EF4F-576F-DEAA-C315DAFE6270}.Debug|Any CPU.ActiveCfg = Debug|Any CPU
		{ED1CB107-EF4F-576F-DEAA-C315DAFE6270}.Debug|Any CPU.Build.0 = Debug|Any CPU
		{ED1CB107-EF4F-576F-DEAA-C315DAFE6270}.Release|Any CPU.ActiveCfg = Release|Any CPU
		{ED1CB107-EF4F-576F-DEAA-C315DAFE6270}.Release|Any CPU.Build.0 = Release|Any CPU
		{714362EE-4E53-E634-DB9F-466A59104D84}.Debug|Any CPU.ActiveCfg = Debug|Any CPU
		{714362EE-4E53-E634-DB9F-466A59104D84}.Debug|Any CPU.Build.0 = Debug|Any CPU
		{714362EE-4E53-E634-DB9F-466A59104D84}.Release|Any CPU.ActiveCfg = Release|Any CPU
		{714362EE-4E53-E634-DB9F-466A59104D84}.Release|Any CPU.Build.0 = Release|Any CPU
		{32A6C43E-5294-2AF5-8AD6-9001F9ED5F96}.Debug|Any CPU.ActiveCfg = Debug|Any CPU
		{32A6C43E-5294-2AF5-8AD6-9001F9ED5F96}.Debug|Any CPU.Build.0 = Debug|Any CPU
		{32A6C43E-5294-2AF5-8AD6-9001F9ED5F96}.Release|Any CPU.ActiveCfg = Release|Any CPU
		{32A6C43E-5294-2AF5-8AD6-9001F9ED5F96}.Release|Any CPU.Build.0 = Release|Any CPU
	EndGlobalSection
	GlobalSection(SolutionProperties) = preSolution
		HideSolutionNode = FALSE
	EndGlobalSection
EndGlobal
